// !$*UTF8*$!
{
	archiveVersion = 1;
	classes = {
	};
	objectVersion = 52;
	objects = {

/* Begin PBXBuildFile section */
		1203E25225DCBCE0001D999E /* ToolbarModifier.swift in Sources */ = {isa = PBXBuildFile; fileRef = 1203E25125DCBCE0001D999E /* ToolbarModifier.swift */; };
		1203E25725DCBE62001D999E /* ColorExtensions.swift in Sources */ = {isa = PBXBuildFile; fileRef = 1203E25625DCBE62001D999E /* ColorExtensions.swift */; };
		1203E26625DCE0EB001D999E /* EPUBDocumentExtensions.swift in Sources */ = {isa = PBXBuildFile; fileRef = 1203E26525DCE0EB001D999E /* EPUBDocumentExtensions.swift */; };
		1239425525DBCAAB00B408DB /* Xenon_ReaderApp.swift in Sources */ = {isa = PBXBuildFile; fileRef = 1239425425DBCAAB00B408DB /* Xenon_ReaderApp.swift */; };
		1239425725DBCAAB00B408DB /* ContentView.swift in Sources */ = {isa = PBXBuildFile; fileRef = 1239425625DBCAAB00B408DB /* ContentView.swift */; };
		1239425925DBCAAD00B408DB /* Assets.xcassets in Resources */ = {isa = PBXBuildFile; fileRef = 1239425825DBCAAD00B408DB /* Assets.xcassets */; };
		1239425C25DBCAAD00B408DB /* Preview Assets.xcassets in Resources */ = {isa = PBXBuildFile; fileRef = 1239425B25DBCAAD00B408DB /* Preview Assets.xcassets */; };
		1239426825DBCD2900B408DB /* SettingsView.swift in Sources */ = {isa = PBXBuildFile; fileRef = 1239426725DBCD2900B408DB /* SettingsView.swift */; };
		1239426C25DBD19E00B408DB /* EPUBKit in Frameworks */ = {isa = PBXBuildFile; productRef = 1239426B25DBD19E00B408DB /* EPUBKit */; };
		1239427225DBD25A00B408DB /* Genius - Genius_ The Game (Book 1) - Leopoldo Gout.epub in Resources */ = {isa = PBXBuildFile; fileRef = 1239427125DBD25900B408DB /* Genius - Genius_ The Game (Book 1) - Leopoldo Gout.epub */; };
		1239427525DBD75600B408DB /* EPUBHelpers.swift in Sources */ = {isa = PBXBuildFile; fileRef = 1239427425DBD75600B408DB /* EPUBHelpers.swift */; };
		1239427925DBDA2E00B408DB /* GeneralSettingsView.swift in Sources */ = {isa = PBXBuildFile; fileRef = 1239427825DBDA2E00B408DB /* GeneralSettingsView.swift */; };
		1239427C25DBDAA700B408DB /* DebugSettingsView.swift in Sources */ = {isa = PBXBuildFile; fileRef = 1239427B25DBDAA700B408DB /* DebugSettingsView.swift */; };
		1252059D25DDB01600E6E464 /* RealmObjects.swift in Sources */ = {isa = PBXBuildFile; fileRef = 1252059C25DDB01600E6E464 /* RealmObjects.swift */; };
		12A8A53425DCE3DD003147E2 /* Filesystem.swift in Sources */ = {isa = PBXBuildFile; fileRef = 12A8A53325DCE3DD003147E2 /* Filesystem.swift */; };
		12A8A54025DCE7BE003147E2 /* AuthorsView.swift in Sources */ = {isa = PBXBuildFile; fileRef = 12A8A53F25DCE7BE003147E2 /* AuthorsView.swift */; };
		12B4DEEA25DC7C8400B5908F /* GridView.swift in Sources */ = {isa = PBXBuildFile; fileRef = 12B4DEE925DC7C8400B5908F /* GridView.swift */; };
		12B4DEED25DC7D1800B5908F /* GridViewBook.swift in Sources */ = {isa = PBXBuildFile; fileRef = 12B4DEEC25DC7D1800B5908F /* GridViewBook.swift */; };
		12BC330A25DF990D004AEA09 /* Realm in Frameworks */ = {isa = PBXBuildFile; productRef = 12BC330925DF990D004AEA09 /* Realm */; };
		12BC330C25DF990D004AEA09 /* RealmSwift in Frameworks */ = {isa = PBXBuildFile; productRef = 12BC330B25DF990D004AEA09 /* RealmSwift */; };
		12F5355125E0BD9500D11F49 /* Helpers.swift in Sources */ = {isa = PBXBuildFile; fileRef = 12F5355025E0BD9500D11F49 /* Helpers.swift */; };
		12F5355825E0BEC500D11F49 /* FileListView.swift in Sources */ = {isa = PBXBuildFile; fileRef = 12F5355725E0BEC500D11F49 /* FileListView.swift */; };
		12F5355C25E0EB5500D11F49 /* RealmHelpers.swift in Sources */ = {isa = PBXBuildFile; fileRef = 12F5355B25E0EB5500D11F49 /* RealmHelpers.swift */; };
/* End PBXBuildFile section */

/* Begin PBXFileReference section */
		1203E25125DCBCE0001D999E /* ToolbarModifier.swift */ = {isa = PBXFileReference; lastKnownFileType = sourcecode.swift; path = ToolbarModifier.swift; sourceTree = "<group>"; };
		1203E25625DCBE62001D999E /* ColorExtensions.swift */ = {isa = PBXFileReference; lastKnownFileType = sourcecode.swift; path = ColorExtensions.swift; sourceTree = "<group>"; };
		1203E26125DCDD86001D999E /* README.md */ = {isa = PBXFileReference; lastKnownFileType = net.daringfireball.markdown; path = README.md; sourceTree = SOURCE_ROOT; };
		1203E26525DCE0EB001D999E /* EPUBDocumentExtensions.swift */ = {isa = PBXFileReference; lastKnownFileType = sourcecode.swift; path = EPUBDocumentExtensions.swift; sourceTree = "<group>"; };
		1239425125DBCAAB00B408DB /* Xenon Reader.app */ = {isa = PBXFileReference; explicitFileType = wrapper.application; includeInIndex = 0; path = "Xenon Reader.app"; sourceTree = BUILT_PRODUCTS_DIR; };
		1239425425DBCAAB00B408DB /* Xenon_ReaderApp.swift */ = {isa = PBXFileReference; lastKnownFileType = sourcecode.swift; path = Xenon_ReaderApp.swift; sourceTree = "<group>"; };
		1239425625DBCAAB00B408DB /* ContentView.swift */ = {isa = PBXFileReference; lastKnownFileType = sourcecode.swift; path = ContentView.swift; sourceTree = "<group>"; };
		1239425825DBCAAD00B408DB /* Assets.xcassets */ = {isa = PBXFileReference; lastKnownFileType = folder.assetcatalog; path = Assets.xcassets; sourceTree = "<group>"; };
		1239425B25DBCAAD00B408DB /* Preview Assets.xcassets */ = {isa = PBXFileReference; lastKnownFileType = folder.assetcatalog; path = "Preview Assets.xcassets"; sourceTree = "<group>"; };
		1239425D25DBCAAD00B408DB /* Info.plist */ = {isa = PBXFileReference; lastKnownFileType = text.plist.xml; path = Info.plist; sourceTree = "<group>"; };
		1239425E25DBCAAD00B408DB /* Xenon_Reader.entitlements */ = {isa = PBXFileReference; lastKnownFileType = text.plist.entitlements; path = Xenon_Reader.entitlements; sourceTree = "<group>"; };
		1239426725DBCD2900B408DB /* SettingsView.swift */ = {isa = PBXFileReference; lastKnownFileType = sourcecode.swift; path = SettingsView.swift; sourceTree = "<group>"; };
		1239427125DBD25900B408DB /* Genius - Genius_ The Game (Book 1) - Leopoldo Gout.epub */ = {isa = PBXFileReference; lastKnownFileType = file; path = "Genius - Genius_ The Game (Book 1) - Leopoldo Gout.epub"; sourceTree = "<group>"; };
		1239427425DBD75600B408DB /* EPUBHelpers.swift */ = {isa = PBXFileReference; lastKnownFileType = sourcecode.swift; path = EPUBHelpers.swift; sourceTree = "<group>"; };
		1239427825DBDA2E00B408DB /* GeneralSettingsView.swift */ = {isa = PBXFileReference; lastKnownFileType = sourcecode.swift; path = GeneralSettingsView.swift; sourceTree = "<group>"; };
		1239427B25DBDAA700B408DB /* DebugSettingsView.swift */ = {isa = PBXFileReference; lastKnownFileType = sourcecode.swift; path = DebugSettingsView.swift; sourceTree = "<group>"; };
		1252059C25DDB01600E6E464 /* RealmObjects.swift */ = {isa = PBXFileReference; lastKnownFileType = sourcecode.swift; path = RealmObjects.swift; sourceTree = "<group>"; };
		12A8A53325DCE3DD003147E2 /* Filesystem.swift */ = {isa = PBXFileReference; lastKnownFileType = sourcecode.swift; path = Filesystem.swift; sourceTree = "<group>"; };
		12A8A53F25DCE7BE003147E2 /* AuthorsView.swift */ = {isa = PBXFileReference; lastKnownFileType = sourcecode.swift; path = AuthorsView.swift; sourceTree = "<group>"; };
		12B4DEE925DC7C8400B5908F /* GridView.swift */ = {isa = PBXFileReference; lastKnownFileType = sourcecode.swift; path = GridView.swift; sourceTree = "<group>"; };
		12B4DEEC25DC7D1800B5908F /* GridViewBook.swift */ = {isa = PBXFileReference; lastKnownFileType = sourcecode.swift; path = GridViewBook.swift; sourceTree = "<group>"; };
		12F5355025E0BD9500D11F49 /* Helpers.swift */ = {isa = PBXFileReference; lastKnownFileType = sourcecode.swift; name = Helpers.swift; path = "Xenon Reader/Helpers/Helpers.swift"; sourceTree = SOURCE_ROOT; };
		12F5355725E0BEC500D11F49 /* FileListView.swift */ = {isa = PBXFileReference; lastKnownFileType = sourcecode.swift; name = FileListView.swift; path = Views/FileListView.swift; sourceTree = "<group>"; };
		12F5355B25E0EB5500D11F49 /* RealmHelpers.swift */ = {isa = PBXFileReference; lastKnownFileType = sourcecode.swift; path = RealmHelpers.swift; sourceTree = "<group>"; };
/* End PBXFileReference section */

/* Begin PBXFrameworksBuildPhase section */
		1239424E25DBCAAB00B408DB /* Frameworks */ = {
			isa = PBXFrameworksBuildPhase;
			buildActionMask = 2147483647;
			files = (
				12BC330C25DF990D004AEA09 /* RealmSwift in Frameworks */,
				12BC330A25DF990D004AEA09 /* Realm in Frameworks */,
				1239426C25DBD19E00B408DB /* EPUBKit in Frameworks */,
			);
			runOnlyForDeploymentPostprocessing = 0;
		};
/* End PBXFrameworksBuildPhase section */

/* Begin PBXGroup section */
		1203E25425DCBD9F001D999E /* View Helpers */ = {
			isa = PBXGroup;
			children = (
				1203E25125DCBCE0001D999E /* ToolbarModifier.swift */,
			);
			path = "View Helpers";
			sourceTree = "<group>";
		};
		1203E25525DCBDA9001D999E /* Helpers */ = {
			isa = PBXGroup;
			children = (
				12F5355025E0BD9500D11F49 /* Helpers.swift */,
				1239427425DBD75600B408DB /* EPUBHelpers.swift */,
				1252059F25DDB01A00E6E464 /* Realm */,
				1203E25425DCBD9F001D999E /* View Helpers */,
			);
			path = Helpers;
			sourceTree = "<group>";
		};
		1203E26825DCE18E001D999E /* Extensions */ = {
			isa = PBXGroup;
			children = (
				1203E25625DCBE62001D999E /* ColorExtensions.swift */,
				1203E26525DCE0EB001D999E /* EPUBDocumentExtensions.swift */,
			);
			path = Extensions;
			sourceTree = "<group>";
		};
		1239424825DBCAAB00B408DB = {
			isa = PBXGroup;
			children = (
				1239425325DBCAAB00B408DB /* Xenon Reader */,
				1239425225DBCAAB00B408DB /* Products */,
			);
			sourceTree = "<group>";
		};
		1239425225DBCAAB00B408DB /* Products */ = {
			isa = PBXGroup;
			children = (
				1239425125DBCAAB00B408DB /* Xenon Reader.app */,
			);
			name = Products;
			sourceTree = "<group>";
		};
		1239425325DBCAAB00B408DB /* Xenon Reader */ = {
			isa = PBXGroup;
			children = (
				1239425425DBCAAB00B408DB /* Xenon_ReaderApp.swift */,
				1239425625DBCAAB00B408DB /* ContentView.swift */,
				12F5355725E0BEC500D11F49 /* FileListView.swift */,
				1203E26125DCDD86001D999E /* README.md */,
				12F5355525E0BEA600D11F49 /* Views */,
				12A8A53625DCE4D9003147E2 /* Filesystem */,
				1203E26825DCE18E001D999E /* Extensions */,
				1203E25525DCBDA9001D999E /* Helpers */,
				1239425825DBCAAD00B408DB /* Assets.xcassets */,
				1239425D25DBCAAD00B408DB /* Info.plist */,
				1239427125DBD25900B408DB /* Genius - Genius_ The Game (Book 1) - Leopoldo Gout.epub */,
				1239425E25DBCAAD00B408DB /* Xenon_Reader.entitlements */,
				1239425A25DBCAAD00B408DB /* Preview Content */,
			);
			path = "Xenon Reader";
			sourceTree = "<group>";
		};
		1239425A25DBCAAD00B408DB /* Preview Content */ = {
			isa = PBXGroup;
			children = (
				1239425B25DBCAAD00B408DB /* Preview Assets.xcassets */,
			);
			path = "Preview Content";
			sourceTree = "<group>";
		};
		1252059F25DDB01A00E6E464 /* Realm */ = {
			isa = PBXGroup;
			children = (
				12F5355B25E0EB5500D11F49 /* RealmHelpers.swift */,
				1252059C25DDB01600E6E464 /* RealmObjects.swift */,
			);
			path = Realm;
			sourceTree = "<group>";
		};
		12A8A53625DCE4D9003147E2 /* Filesystem */ = {
			isa = PBXGroup;
			children = (
				12A8A53325DCE3DD003147E2 /* Filesystem.swift */,
			);
			path = Filesystem;
			sourceTree = "<group>";
		};
		12B4DEE325DC7A2000B5908F /* Settings */ = {
			isa = PBXGroup;
			children = (
				1239426725DBCD2900B408DB /* SettingsView.swift */,
				1239427825DBDA2E00B408DB /* GeneralSettingsView.swift */,
				1239427B25DBDAA700B408DB /* DebugSettingsView.swift */,
			);
			path = Settings;
			sourceTree = "<group>";
		};
		12F5355525E0BEA600D11F49 /* Views */ = {
			isa = PBXGroup;
			children = (
				12B4DEE925DC7C8400B5908F /* GridView.swift */,
				12B4DEEC25DC7D1800B5908F /* GridViewBook.swift */,
				12A8A53F25DCE7BE003147E2 /* AuthorsView.swift */,
				12B4DEE325DC7A2000B5908F /* Settings */,
			);
			path = Views;
			sourceTree = "<group>";
		};
/* End PBXGroup section */

/* Begin PBXNativeTarget section */
		1239425025DBCAAB00B408DB /* Xenon Reader */ = {
			isa = PBXNativeTarget;
			buildConfigurationList = 1239426125DBCAAD00B408DB /* Build configuration list for PBXNativeTarget "Xenon Reader" */;
			buildPhases = (
				1239424D25DBCAAB00B408DB /* Sources */,
				1239424E25DBCAAB00B408DB /* Frameworks */,
				1239424F25DBCAAB00B408DB /* Resources */,
			);
			buildRules = (
			);
			dependencies = (
			);
			name = "Xenon Reader";
			packageProductDependencies = (
				1239426B25DBD19E00B408DB /* EPUBKit */,
				12BC330925DF990D004AEA09 /* Realm */,
				12BC330B25DF990D004AEA09 /* RealmSwift */,
			);
			productName = "Xenon Reader";
			productReference = 1239425125DBCAAB00B408DB /* Xenon Reader.app */;
			productType = "com.apple.product-type.application";
		};
/* End PBXNativeTarget section */

/* Begin PBXProject section */
		1239424925DBCAAB00B408DB /* Project object */ = {
			isa = PBXProject;
			attributes = {
				LastSwiftUpdateCheck = 1240;
				LastUpgradeCheck = 1240;
				TargetAttributes = {
					1239425025DBCAAB00B408DB = {
						CreatedOnToolsVersion = 12.4;
					};
				};
			};
			buildConfigurationList = 1239424C25DBCAAB00B408DB /* Build configuration list for PBXProject "Xenon Reader" */;
			compatibilityVersion = "Xcode 9.3";
			developmentRegion = en;
			hasScannedForEncodings = 0;
			knownRegions = (
				en,
				Base,
			);
			mainGroup = 1239424825DBCAAB00B408DB;
			packageReferences = (
				1239426A25DBD19E00B408DB /* XCRemoteSwiftPackageReference "EPUBKit" */,
				12BC330825DF990D004AEA09 /* XCRemoteSwiftPackageReference "realm-cocoa" */,
			);
			productRefGroup = 1239425225DBCAAB00B408DB /* Products */;
			projectDirPath = "";
			projectRoot = "";
			targets = (
				1239425025DBCAAB00B408DB /* Xenon Reader */,
			);
		};
/* End PBXProject section */

/* Begin PBXResourcesBuildPhase section */
		1239424F25DBCAAB00B408DB /* Resources */ = {
			isa = PBXResourcesBuildPhase;
			buildActionMask = 2147483647;
			files = (
				1239425C25DBCAAD00B408DB /* Preview Assets.xcassets in Resources */,
				1239427225DBD25A00B408DB /* Genius - Genius_ The Game (Book 1) - Leopoldo Gout.epub in Resources */,
				1239425925DBCAAD00B408DB /* Assets.xcassets in Resources */,
			);
			runOnlyForDeploymentPostprocessing = 0;
		};
/* End PBXResourcesBuildPhase section */

/* Begin PBXSourcesBuildPhase section */
		1239424D25DBCAAB00B408DB /* Sources */ = {
			isa = PBXSourcesBuildPhase;
			buildActionMask = 2147483647;
			files = (
				1239426825DBCD2900B408DB /* SettingsView.swift in Sources */,
				1203E25725DCBE62001D999E /* ColorExtensions.swift in Sources */,
				12B4DEED25DC7D1800B5908F /* GridViewBook.swift in Sources */,
				1239427925DBDA2E00B408DB /* GeneralSettingsView.swift in Sources */,
				12F5355825E0BEC500D11F49 /* FileListView.swift in Sources */,
				1239427525DBD75600B408DB /* EPUBHelpers.swift in Sources */,
				12A8A54025DCE7BE003147E2 /* AuthorsView.swift in Sources */,
				12A8A53425DCE3DD003147E2 /* Filesystem.swift in Sources */,
				12B4DEEA25DC7C8400B5908F /* GridView.swift in Sources */,
				1203E26625DCE0EB001D999E /* EPUBDocumentExtensions.swift in Sources */,
				1252059D25DDB01600E6E464 /* RealmObjects.swift in Sources */,
				12F5355125E0BD9500D11F49 /* Helpers.swift in Sources */,
				1239425725DBCAAB00B408DB /* ContentView.swift in Sources */,
				1239425525DBCAAB00B408DB /* Xenon_ReaderApp.swift in Sources */,
				12F5355C25E0EB5500D11F49 /* RealmHelpers.swift in Sources */,
				1203E25225DCBCE0001D999E /* ToolbarModifier.swift in Sources */,
				1239427C25DBDAA700B408DB /* DebugSettingsView.swift in Sources */,
			);
			runOnlyForDeploymentPostprocessing = 0;
		};
/* End PBXSourcesBuildPhase section */

/* Begin XCBuildConfiguration section */
		1239425F25DBCAAD00B408DB /* Debug */ = {
			isa = XCBuildConfiguration;
			buildSettings = {
				ALWAYS_SEARCH_USER_PATHS = NO;
				CLANG_ANALYZER_NONNULL = YES;
				CLANG_ANALYZER_NUMBER_OBJECT_CONVERSION = YES_AGGRESSIVE;
				CLANG_CXX_LANGUAGE_STANDARD = "gnu++14";
				CLANG_CXX_LIBRARY = "libc++";
				CLANG_ENABLE_MODULES = YES;
				CLANG_ENABLE_OBJC_ARC = YES;
				CLANG_ENABLE_OBJC_WEAK = YES;
				CLANG_WARN_BLOCK_CAPTURE_AUTORELEASING = YES;
				CLANG_WARN_BOOL_CONVERSION = YES;
				CLANG_WARN_COMMA = YES;
				CLANG_WARN_CONSTANT_CONVERSION = YES;
				CLANG_WARN_DEPRECATED_OBJC_IMPLEMENTATIONS = YES;
				CLANG_WARN_DIRECT_OBJC_ISA_USAGE = YES_ERROR;
				CLANG_WARN_DOCUMENTATION_COMMENTS = YES;
				CLANG_WARN_EMPTY_BODY = YES;
				CLANG_WARN_ENUM_CONVERSION = YES;
				CLANG_WARN_INFINITE_RECURSION = YES;
				CLANG_WARN_INT_CONVERSION = YES;
				CLANG_WARN_NON_LITERAL_NULL_CONVERSION = YES;
				CLANG_WARN_OBJC_IMPLICIT_RETAIN_SELF = YES;
				CLANG_WARN_OBJC_LITERAL_CONVERSION = YES;
				CLANG_WARN_OBJC_ROOT_CLASS = YES_ERROR;
				CLANG_WARN_QUOTED_INCLUDE_IN_FRAMEWORK_HEADER = YES;
				CLANG_WARN_RANGE_LOOP_ANALYSIS = YES;
				CLANG_WARN_STRICT_PROTOTYPES = YES;
				CLANG_WARN_SUSPICIOUS_MOVE = YES;
				CLANG_WARN_UNGUARDED_AVAILABILITY = YES_AGGRESSIVE;
				CLANG_WARN_UNREACHABLE_CODE = YES;
				CLANG_WARN__DUPLICATE_METHOD_MATCH = YES;
				COPY_PHASE_STRIP = NO;
				DEBUG_INFORMATION_FORMAT = dwarf;
				ENABLE_STRICT_OBJC_MSGSEND = YES;
				ENABLE_TESTABILITY = YES;
				GCC_C_LANGUAGE_STANDARD = gnu11;
				GCC_DYNAMIC_NO_PIC = NO;
				GCC_NO_COMMON_BLOCKS = YES;
				GCC_OPTIMIZATION_LEVEL = 0;
				GCC_PREPROCESSOR_DEFINITIONS = (
					"DEBUG=1",
					"$(inherited)",
				);
				GCC_WARN_64_TO_32_BIT_CONVERSION = YES;
				GCC_WARN_ABOUT_RETURN_TYPE = YES_ERROR;
				GCC_WARN_UNDECLARED_SELECTOR = YES;
				GCC_WARN_UNINITIALIZED_AUTOS = YES_AGGRESSIVE;
				GCC_WARN_UNUSED_FUNCTION = YES;
				GCC_WARN_UNUSED_VARIABLE = YES;
				MACOSX_DEPLOYMENT_TARGET = 11.1;
				MTL_ENABLE_DEBUG_INFO = INCLUDE_SOURCE;
				MTL_FAST_MATH = YES;
				ONLY_ACTIVE_ARCH = YES;
				SDKROOT = macosx;
				SWIFT_ACTIVE_COMPILATION_CONDITIONS = DEBUG;
				SWIFT_OPTIMIZATION_LEVEL = "-Onone";
			};
			name = Debug;
		};
		1239426025DBCAAD00B408DB /* Release */ = {
			isa = XCBuildConfiguration;
			buildSettings = {
				ALWAYS_SEARCH_USER_PATHS = NO;
				CLANG_ANALYZER_NONNULL = YES;
				CLANG_ANALYZER_NUMBER_OBJECT_CONVERSION = YES_AGGRESSIVE;
				CLANG_CXX_LANGUAGE_STANDARD = "gnu++14";
				CLANG_CXX_LIBRARY = "libc++";
				CLANG_ENABLE_MODULES = YES;
				CLANG_ENABLE_OBJC_ARC = YES;
				CLANG_ENABLE_OBJC_WEAK = YES;
				CLANG_WARN_BLOCK_CAPTURE_AUTORELEASING = YES;
				CLANG_WARN_BOOL_CONVERSION = YES;
				CLANG_WARN_COMMA = YES;
				CLANG_WARN_CONSTANT_CONVERSION = YES;
				CLANG_WARN_DEPRECATED_OBJC_IMPLEMENTATIONS = YES;
				CLANG_WARN_DIRECT_OBJC_ISA_USAGE = YES_ERROR;
				CLANG_WARN_DOCUMENTATION_COMMENTS = YES;
				CLANG_WARN_EMPTY_BODY = YES;
				CLANG_WARN_ENUM_CONVERSION = YES;
				CLANG_WARN_INFINITE_RECURSION = YES;
				CLANG_WARN_INT_CONVERSION = YES;
				CLANG_WARN_NON_LITERAL_NULL_CONVERSION = YES;
				CLANG_WARN_OBJC_IMPLICIT_RETAIN_SELF = YES;
				CLANG_WARN_OBJC_LITERAL_CONVERSION = YES;
				CLANG_WARN_OBJC_ROOT_CLASS = YES_ERROR;
				CLANG_WARN_QUOTED_INCLUDE_IN_FRAMEWORK_HEADER = YES;
				CLANG_WARN_RANGE_LOOP_ANALYSIS = YES;
				CLANG_WARN_STRICT_PROTOTYPES = YES;
				CLANG_WARN_SUSPICIOUS_MOVE = YES;
				CLANG_WARN_UNGUARDED_AVAILABILITY = YES_AGGRESSIVE;
				CLANG_WARN_UNREACHABLE_CODE = YES;
				CLANG_WARN__DUPLICATE_METHOD_MATCH = YES;
				COPY_PHASE_STRIP = NO;
				DEBUG_INFORMATION_FORMAT = "dwarf-with-dsym";
				ENABLE_NS_ASSERTIONS = NO;
				ENABLE_STRICT_OBJC_MSGSEND = YES;
				GCC_C_LANGUAGE_STANDARD = gnu11;
				GCC_NO_COMMON_BLOCKS = YES;
				GCC_WARN_64_TO_32_BIT_CONVERSION = YES;
				GCC_WARN_ABOUT_RETURN_TYPE = YES_ERROR;
				GCC_WARN_UNDECLARED_SELECTOR = YES;
				GCC_WARN_UNINITIALIZED_AUTOS = YES_AGGRESSIVE;
				GCC_WARN_UNUSED_FUNCTION = YES;
				GCC_WARN_UNUSED_VARIABLE = YES;
				MACOSX_DEPLOYMENT_TARGET = 11.1;
				MTL_ENABLE_DEBUG_INFO = NO;
				MTL_FAST_MATH = YES;
				SDKROOT = macosx;
				SWIFT_COMPILATION_MODE = wholemodule;
				SWIFT_OPTIMIZATION_LEVEL = "-O";
			};
			name = Release;
		};
		1239426225DBCAAD00B408DB /* Debug */ = {
			isa = XCBuildConfiguration;
			buildSettings = {
				ASSETCATALOG_COMPILER_APPICON_NAME = AppIcon;
				ASSETCATALOG_COMPILER_GLOBAL_ACCENT_COLOR_NAME = AccentColor;
				CODE_SIGN_ENTITLEMENTS = "Xenon Reader/Xenon_Reader.entitlements";
				CODE_SIGN_STYLE = Automatic;
				COMBINE_HIDPI_IMAGES = YES;
				DEVELOPMENT_ASSET_PATHS = "\"Xenon Reader/Preview Content\"";
				ENABLE_PREVIEWS = YES;
				INFOPLIST_FILE = "Xenon Reader/Info.plist";
				LD_RUNPATH_SEARCH_PATHS = (
					"$(inherited)",
					"@executable_path/../Frameworks",
				);
				MACOSX_DEPLOYMENT_TARGET = 11.0;
				MARKETING_VERSION = 0.1;
				PRODUCT_BUNDLE_IDENTIFIER = com.hkamran.XenonReader;
				PRODUCT_NAME = "$(TARGET_NAME)";
				SWIFT_VERSION = 5.0;
			};
			name = Debug;
		};
		1239426325DBCAAD00B408DB /* Release */ = {
			isa = XCBuildConfiguration;
			buildSettings = {
				ASSETCATALOG_COMPILER_APPICON_NAME = AppIcon;
				ASSETCATALOG_COMPILER_GLOBAL_ACCENT_COLOR_NAME = AccentColor;
				CODE_SIGN_ENTITLEMENTS = "Xenon Reader/Xenon_Reader.entitlements";
				CODE_SIGN_STYLE = Automatic;
				COMBINE_HIDPI_IMAGES = YES;
				DEVELOPMENT_ASSET_PATHS = "\"Xenon Reader/Preview Content\"";
				ENABLE_PREVIEWS = YES;
				INFOPLIST_FILE = "Xenon Reader/Info.plist";
				LD_RUNPATH_SEARCH_PATHS = (
					"$(inherited)",
					"@executable_path/../Frameworks",
				);
				MACOSX_DEPLOYMENT_TARGET = 11.0;
				MARKETING_VERSION = 0.1;
				PRODUCT_BUNDLE_IDENTIFIER = com.hkamran.XenonReader;
				PRODUCT_NAME = "$(TARGET_NAME)";
				SWIFT_VERSION = 5.0;
			};
			name = Release;
		};
/* End XCBuildConfiguration section */

/* Begin XCConfigurationList section */
		1239424C25DBCAAB00B408DB /* Build configuration list for PBXProject "Xenon Reader" */ = {
			isa = XCConfigurationList;
			buildConfigurations = (
				1239425F25DBCAAD00B408DB /* Debug */,
				1239426025DBCAAD00B408DB /* Release */,
			);
			defaultConfigurationIsVisible = 0;
			defaultConfigurationName = Release;
		};
		1239426125DBCAAD00B408DB /* Build configuration list for PBXNativeTarget "Xenon Reader" */ = {
			isa = XCConfigurationList;
			buildConfigurations = (
				1239426225DBCAAD00B408DB /* Debug */,
				1239426325DBCAAD00B408DB /* Release */,
			);
			defaultConfigurationIsVisible = 0;
			defaultConfigurationName = Release;
		};
/* End XCConfigurationList section */

/* Begin XCRemoteSwiftPackageReference section */
		1239426A25DBD19E00B408DB /* XCRemoteSwiftPackageReference "EPUBKit" */ = {
			isa = XCRemoteSwiftPackageReference;
			repositoryURL = "https://github.com/witekbobrowski/EPUBKit.git";
			requirement = {
				branch = master;
				kind = branch;
			};
		};
		12BC330825DF990D004AEA09 /* XCRemoteSwiftPackageReference "realm-cocoa" */ = {
			isa = XCRemoteSwiftPackageReference;
			repositoryURL = "https://github.com/realm/realm-cocoa.git";
			requirement = {
				kind = upToNextMajorVersion;
				minimumVersion = 10.6.0;
			};
		};
/* End XCRemoteSwiftPackageReference section */

/* Begin XCSwiftPackageProductDependency section */
		1239426B25DBD19E00B408DB /* EPUBKit */ = {
			isa = XCSwiftPackageProductDependency;
			package = 1239426A25DBD19E00B408DB /* XCRemoteSwiftPackageReference "EPUBKit" */;
			productName = EPUBKit;
		};
		12BC330925DF990D004AEA09 /* Realm */ = {
			isa = XCSwiftPackageProductDependency;
			package = 12BC330825DF990D004AEA09 /* XCRemoteSwiftPackageReference "realm-cocoa" */;
			productName = Realm;
		};
		12BC330B25DF990D004AEA09 /* RealmSwift */ = {
			isa = XCSwiftPackageProductDependency;
			package = 12BC330825DF990D004AEA09 /* XCRemoteSwiftPackageReference "realm-cocoa" */;
			productName = RealmSwift;
		};
/* End XCSwiftPackageProductDependency section */
	};
	rootObject = 1239424925DBCAAB00B408DB /* Project object */;
}
